
Microsoft Visual Studio Solution File, Format Version 12.00
# Visual Studio 14
VisualStudioVersion = 14.0.24720.0
MinimumVisualStudioVersion = 10.0.40219.1
Project("{FAE04EC0-301F-11D3-BF4B-00C04F79EFBC}") = "CroweHorwathHelloWorld", "CroweHorwathHelloWorld\CroweHorwathHelloWorld.csproj", "{C03B2A9A-09A6-47CC-A5AE-87FDF05585D0}"
EndProject
Project("{FAE04EC0-301F-11D3-BF4B-00C04F79EFBC}") = "CroweHorwathHelloWorld.Tests", "CroweHorwathHelloWorld.Tests\CroweHorwathHelloWorld.Tests.csproj", "{F97E1FE1-6088-4E2C-8627-93E9C2AD85C5}"
EndProject
Global
	GlobalSection(SolutionConfigurationPlatforms) = preSolution
		Debug|Any CPU = Debug|Any CPU
		Release|Any CPU = Release|Any CPU
	EndGlobalSection
	GlobalSection(ProjectConfigurationPlatforms) = postSolution
		{C03B2A9A-09A6-47CC-A5AE-87FDF05585D0}.Debug|Any CPU.ActiveCfg = Debug|Any CPU
		{C03B2A9A-09A6-47CC-A5AE-87FDF05585D0}.Debug|Any CPU.Build.0 = Debug|Any CPU
		{C03B2A9A-09A6-47CC-A5AE-87FDF05585D0}.Release|Any CPU.ActiveCfg = Release|Any CPU
		{C03B2A9A-09A6-47CC-A5AE-87FDF05585D0}.Release|Any CPU.Build.0 = Release|Any CPU
		{F97E1FE1-6088-4E2C-8627-93E9C2AD85C5}.Debug|Any CPU.ActiveCfg = Debug|Any CPU
		{F97E1FE1-6088-4E2C-8627-93E9C2AD85C5}.Debug|Any CPU.Build.0 = Debug|Any CPU
		{F97E1FE1-6088-4E2C-8627-93E9C2AD85C5}.Release|Any CPU.ActiveCfg = Release|Any CPU
		{F97E1FE1-6088-4E2C-8627-93E9C2AD85C5}.Release|Any CPU.Build.0 = Release|Any CPU
	EndGlobalSection
	GlobalSection(SolutionProperties) = preSolution
		HideSolutionNode = FALSE
	EndGlobalSection
EndGlobal
